// !$*UTF8*$!
{
	archiveVersion = 1;
	classes = {
	};
	objectVersion = 50;
	objects = {

/* Begin PBXBuildFile section */
		B2301B39248F29FF005D7180 /* AppDelegate.m in Sources */ = {isa = PBXBuildFile; fileRef = B2301B38248F29FF005D7180 /* AppDelegate.m */; };
		B2301B3C248F29FF005D7180 /* SceneDelegate.m in Sources */ = {isa = PBXBuildFile; fileRef = B2301B3B248F29FF005D7180 /* SceneDelegate.m */; };
		B2301B3F248F29FF005D7180 /* ViewController.m in Sources */ = {isa = PBXBuildFile; fileRef = B2301B3E248F29FF005D7180 /* ViewController.m */; };
		B2301B42248F29FF005D7180 /* Main.storyboard in Resources */ = {isa = PBXBuildFile; fileRef = B2301B40248F29FF005D7180 /* Main.storyboard */; };
		B2301B44248F2A02005D7180 /* Assets.xcassets in Resources */ = {isa = PBXBuildFile; fileRef = B2301B43248F2A02005D7180 /* Assets.xcassets */; };
		B2301B47248F2A02005D7180 /* LaunchScreen.storyboard in Resources */ = {isa = PBXBuildFile; fileRef = B2301B45248F2A02005D7180 /* LaunchScreen.storyboard */; };
		B2301B4A248F2A02005D7180 /* main.m in Sources */ = {isa = PBXBuildFile; fileRef = B2301B49248F2A02005D7180 /* main.m */; };
		B2301B52248F2A2C005D7180 /* choose.mm in Sources */ = {isa = PBXBuildFile; fileRef = B2301B51248F2A2C005D7180 /* choose.mm */; settings = {COMPILER_FLAGS = "-fno-objc-arc"; }; };
/* End PBXBuildFile section */

/* Begin PBXFileReference section */
		B2301B34248F29FF005D7180 /* Choose.app */ = {isa = PBXFileReference; explicitFileType = wrapper.application; includeInIndex = 0; path = Choose.app; sourceTree = BUILT_PRODUCTS_DIR; };
		B2301B37248F29FF005D7180 /* AppDelegate.h */ = {isa = PBXFileReference; lastKnownFileType = sourcecode.c.h; path = AppDelegate.h; sourceTree = "<group>"; };
		B2301B38248F29FF005D7180 /* AppDelegate.m */ = {isa = PBXFileReference; lastKnownFileType = sourcecode.c.objc; path = AppDelegate.m; sourceTree = "<group>"; };
		B2301B3A248F29FF005D7180 /* SceneDelegate.h */ = {isa = PBXFileReference; lastKnownFileType = sourcecode.c.h; path = SceneDelegate.h; sourceTree = "<group>"; };
		B2301B3B248F29FF005D7180 /* SceneDelegate.m */ = {isa = PBXFileReference; lastKnownFileType = sourcecode.c.objc; path = SceneDelegate.m; sourceTree = "<group>"; };
		B2301B3D248F29FF005D7180 /* ViewController.h */ = {isa = PBXFileReference; lastKnownFileType = sourcecode.c.h; path = ViewController.h; sourceTree = "<group>"; };
		B2301B3E248F29FF005D7180 /* ViewController.m */ = {isa = PBXFileReference; lastKnownFileType = sourcecode.c.objc; path = ViewController.m; sourceTree = "<group>"; };
		B2301B41248F29FF005D7180 /* Base */ = {isa = PBXFileReference; lastKnownFileType = file.storyboard; name = Base; path = Base.lproj/Main.storyboard; sourceTree = "<group>"; };
		B2301B43248F2A02005D7180 /* Assets.xcassets */ = {isa = PBXFileReference; lastKnownFileType = folder.assetcatalog; path = Assets.xcassets; sourceTree = "<group>"; };
		B2301B46248F2A02005D7180 /* Base */ = {isa = PBXFileReference; lastKnownFileType = file.storyboard; name = Base; path = Base.lproj/LaunchScreen.storyboard; sourceTree = "<group>"; };
		B2301B48248F2A02005D7180 /* Info.plist */ = {isa = PBXFileReference; lastKnownFileType = text.plist.xml; path = Info.plist; sourceTree = "<group>"; };
		B2301B49248F2A02005D7180 /* main.m */ = {isa = PBXFileReference; lastKnownFileType = sourcecode.c.objc; path = main.m; sourceTree = "<group>"; };
		B2301B50248F2A2C005D7180 /* choose.h */ = {isa = PBXFileReference; lastKnownFileType = sourcecode.c.h; path = choose.h; sourceTree = "<group>"; };
		B2301B51248F2A2C005D7180 /* choose.mm */ = {isa = PBXFileReference; lastKnownFileType = sourcecode.cpp.objcpp; path = choose.mm; sourceTree = "<group>"; };
/* End PBXFileReference section */

/* Begin PBXFrameworksBuildPhase section */
		B2301B31248F29FF005D7180 /* Frameworks */ = {
			isa = PBXFrameworksBuildPhase;
			buildActionMask = 2147483647;
			files = (
			);
			runOnlyForDeploymentPostprocessing = 0;
		};
/* End PBXFrameworksBuildPhase section */

/* Begin PBXGroup section */
		B2301B2B248F29FF005D7180 = {
			isa = PBXGroup;
			children = (
				B2301B36248F29FF005D7180 /* Choose */,
				B2301B35248F29FF005D7180 /* Products */,
			);
			sourceTree = "<group>";
		};
		B2301B35248F29FF005D7180 /* Products */ = {
			isa = PBXGroup;
			children = (
				B2301B34248F29FF005D7180 /* Choose.app */,
			);
			name = Products;
			sourceTree = "<group>";
		};
		B2301B36248F29FF005D7180 /* Choose */ = {
			isa = PBXGroup;
			children = (
				B2301B37248F29FF005D7180 /* AppDelegate.h */,
				B2301B38248F29FF005D7180 /* AppDelegate.m */,
				B2301B3A248F29FF005D7180 /* SceneDelegate.h */,
				B2301B3B248F29FF005D7180 /* SceneDelegate.m */,
				B2301B3D248F29FF005D7180 /* ViewController.h */,
				B2301B3E248F29FF005D7180 /* ViewController.m */,
				B2301B50248F2A2C005D7180 /* choose.h */,
				B2301B51248F2A2C005D7180 /* choose.mm */,
				B2301B40248F29FF005D7180 /* Main.storyboard */,
				B2301B43248F2A02005D7180 /* Assets.xcassets */,
				B2301B45248F2A02005D7180 /* LaunchScreen.storyboard */,
				B2301B48248F2A02005D7180 /* Info.plist */,
				B2301B49248F2A02005D7180 /* main.m */,
			);
			path = Choose;
			sourceTree = "<group>";
		};
/* End PBXGroup section */

/* Begin PBXNativeTarget section */
		B2301B33248F29FF005D7180 /* Choose */ = {
			isa = PBXNativeTarget;
			buildConfigurationList = B2301B4D248F2A02005D7180 /* Build configuration list for PBXNativeTarget "Choose" */;
			buildPhases = (
				B2301B30248F29FF005D7180 /* Sources */,
				B2301B31248F29FF005D7180 /* Frameworks */,
				B2301B32248F29FF005D7180 /* Resources */,
			);
			buildRules = (
			);
			dependencies = (
			);
			name = Choose;
			productName = Choose;
			productReference = B2301B34248F29FF005D7180 /* Choose.app */;
			productType = "com.apple.product-type.application";
		};
/* End PBXNativeTarget section */

/* Begin PBXProject section */
		B2301B2C248F29FF005D7180 /* Project object */ = {
			isa = PBXProject;
			attributes = {
				LastUpgradeCheck = 1130;
				ORGANIZATIONNAME = Jianzhimao;
				TargetAttributes = {
					B2301B33248F29FF005D7180 = {
						CreatedOnToolsVersion = 11.3.1;
					};
				};
			};
			buildConfigurationList = B2301B2F248F29FF005D7180 /* Build configuration list for PBXProject "Choose" */;
			compatibilityVersion = "Xcode 9.3";
			developmentRegion = en;
			hasScannedForEncodings = 0;
			knownRegions = (
				en,
				Base,
			);
			mainGroup = B2301B2B248F29FF005D7180;
			productRefGroup = B2301B35248F29FF005D7180 /* Products */;
			projectDirPath = "";
			projectRoot = "";
			targets = (
				B2301B33248F29FF005D7180 /* Choose */,
			);
		};
/* End PBXProject section */

/* Begin PBXResourcesBuildPhase section */
		B2301B32248F29FF005D7180 /* Resources */ = {
			isa = PBXResourcesBuildPhase;
			buildActionMask = 2147483647;
			files = (
				B2301B47248F2A02005D7180 /* LaunchScreen.storyboard in Resources */,
				B2301B44248F2A02005D7180 /* Assets.xcassets in Resources */,
				B2301B42248F29FF005D7180 /* Main.storyboard in Resources */,
			);
			runOnlyForDeploymentPostprocessing = 0;
		};
/* End PBXResourcesBuildPhase section */

/* Begin PBXSourcesBuildPhase section */
		B2301B30248F29FF005D7180 /* Sources */ = {
			isa = PBXSourcesBuildPhase;
			buildActionMask = 2147483647;
			files = (
				B2301B3F248F29FF005D7180 /* ViewController.m in Sources */,
				B2301B39248F29FF005D7180 /* AppDelegate.m in Sources */,
				B2301B4A248F2A02005D7180 /* main.m in Sources */,
				B2301B52248F2A2C005D7180 /* choose.mm in Sources */,
				B2301B3C248F29FF005D7180 /* SceneDelegate.m in Sources */,
			);
			runOnlyForDeploymentPostprocessing = 0;
		};
/* End PBXSourcesBuildPhase section */

/* Begin PBXVariantGroup section */
		B2301B40248F29FF005D7180 /* Main.storyboard */ = {
			isa = PBXVariantGroup;
			children = (
				B2301B41248F29FF005D7180 /* Base */,
			);
			name = Main.storyboard;
			sourceTree = "<group>";
		};
		B2301B45248F2A02005D7180 /* LaunchScreen.storyboard */ = {
			isa = PBXVariantGroup;
			children = (
				B2301B46248F2A02005D7180 /* Base */,
			);
			name = LaunchScreen.storyboard;
			sourceTree = "<group>";
		};
/* End PBXVariantGroup section */

/* Begin XCBuildConfiguration section */
		B2301B4B248F2A02005D7180 /* Debug */ = {
			isa = XCBuildConfiguration;
			buildSettings = {
				ALWAYS_SEARCH_USER_PATHS = NO;
				CLANG_ANALYZER_NONNULL = YES;
				CLANG_ANALYZER_NUMBER_OBJECT_CONVERSION = YES_AGGRESSIVE;
				CLANG_CXX_LANGUAGE_STANDARD = "gnu++14";
				CLANG_CXX_LIBRARY = "libc++";
				CLANG_ENABLE_MODULES = YES;
				CLANG_ENABLE_OBJC_ARC = YES;
				CLANG_ENABLE_OBJC_WEAK = YES;
				CLANG_WARN_BLOCK_CAPTURE_AUTORELEASING = YES;
				CLANG_WARN_BOOL_CONVERSION = YES;
				CLANG_WARN_COMMA = YES;
				CLANG_WARN_CONSTANT_CONVERSION = YES;
				CLANG_WARN_DEPRECATED_OBJC_IMPLEMENTATIONS = YES;
				CLANG_WARN_DIRECT_OBJC_ISA_USAGE = YES_ERROR;
				CLANG_WARN_DOCUMENTATION_COMMENTS = YES;
				CLANG_WARN_EMPTY_BODY = YES;
				CLANG_WARN_ENUM_CONVERSION = YES;
				CLANG_WARN_INFINITE_RECURSION = YES;
				CLANG_WARN_INT_CONVERSION = YES;
				CLANG_WARN_NON_LITERAL_NULL_CONVERSION = YES;
				CLANG_WARN_OBJC_IMPLICIT_RETAIN_SELF = YES;
				CLANG_WARN_OBJC_LITERAL_CONVERSION = YES;
				CLANG_WARN_OBJC_ROOT_CLASS = YES_ERROR;
				CLANG_WARN_RANGE_LOOP_ANALYSIS = YES;
				CLANG_WARN_STRICT_PROTOTYPES = YES;
				CLANG_WARN_SUSPICIOUS_MOVE = YES;
				CLANG_WARN_UNGUARDED_AVAILABILITY = YES_AGGRESSIVE;
				CLANG_WARN_UNREACHABLE_CODE = YES;
				CLANG_WARN__DUPLICATE_METHOD_MATCH = YES;
				COPY_PHASE_STRIP = NO;
				DEBUG_INFORMATION_FORMAT = dwarf;
				ENABLE_STRICT_OBJC_MSGSEND = YES;
				ENABLE_TESTABILITY = YES;
				GCC_C_LANGUAGE_STANDARD = gnu11;
				GCC_DYNAMIC_NO_PIC = NO;
				GCC_NO_COMMON_BLOCKS = YES;
				GCC_OPTIMIZATION_LEVEL = 0;
				GCC_PREPROCESSOR_DEFINITIONS = (
					"DEBUG=1",
					"$(inherited)",
				);
				GCC_WARN_64_TO_32_BIT_CONVERSION = YES;
				GCC_WARN_ABOUT_RETURN_TYPE = YES_ERROR;
				GCC_WARN_UNDECLARED_SELECTOR = YES;
				GCC_WARN_UNINITIALIZED_AUTOS = YES_AGGRESSIVE;
				GCC_WARN_UNUSED_FUNCTION = YES;
				GCC_WARN_UNUSED_VARIABLE = YES;
				IPHONEOS_DEPLOYMENT_TARGET = 13.2;
				MTL_ENABLE_DEBUG_INFO = INCLUDE_SOURCE;
				MTL_FAST_MATH = YES;
				ONLY_ACTIVE_ARCH = YES;
				SDKROOT = iphoneos;
			};
			name = Debug;
		};
		B2301B4C248F2A02005D7180 /* Release */ = {
			isa = XCBuildConfiguration;
			buildSettings = {
				ALWAYS_SEARCH_USER_PATHS = NO;
				CLANG_ANALYZER_NONNULL = YES;
				CLANG_ANALYZER_NUMBER_OBJECT_CONVERSION = YES_AGGRESSIVE;
				CLANG_CXX_LANGUAGE_STANDARD = "gnu++14";
				CLANG_CXX_LIBRARY = "libc++";
				CLANG_ENABLE_MODULES = YES;
				CLANG_ENABLE_OBJC_ARC = YES;
				CLANG_ENABLE_OBJC_WEAK = YES;
				CLANG_WARN_BLOCK_CAPTURE_AUTORELEASING = YES;
				CLANG_WARN_BOOL_CONVERSION = YES;
				CLANG_WARN_COMMA = YES;
				CLANG_WARN_CONSTANT_CONVERSION = YES;
				CLANG_WARN_DEPRECATED_OBJC_IMPLEMENTATIONS = YES;
				CLANG_WARN_DIRECT_OBJC_ISA_USAGE = YES_ERROR;
				CLANG_WARN_DOCUMENTATION_COMMENTS = YES;
				CLANG_WARN_EMPTY_BODY = YES;
				CLANG_WARN_ENUM_CONVERSION = YES;
				CLANG_WARN_INFINITE_RECURSION = YES;
				CLANG_WARN_INT_CONVERSION = YES;
				CLANG_WARN_NON_LITERAL_NULL_CONVERSION = YES;
				CLANG_WARN_OBJC_IMPLICIT_RETAIN_SELF = YES;
				CLANG_WARN_OBJC_LITERAL_CONVERSION = YES;
				CLANG_WARN_OBJC_ROOT_CLASS = YES_ERROR;
				CLANG_WARN_RANGE_LOOP_ANALYSIS = YES;
				CLANG_WARN_STRICT_PROTOTYPES = YES;
				CLANG_WARN_SUSPICIOUS_MOVE = YES;
				CLANG_WARN_UNGUARDED_AVAILABILITY = YES_AGGRESSIVE;
				CLANG_WARN_UNREACHABLE_CODE = YES;
				CLANG_WARN__DUPLICATE_METHOD_MATCH = YES;
				COPY_PHASE_STRIP = NO;
				DEBUG_INFORMATION_FORMAT = "dwarf-with-dsym";
				ENABLE_NS_ASSERTIONS = NO;
				ENABLE_STRICT_OBJC_MSGSEND = YES;
				GCC_C_LANGUAGE_STANDARD = gnu11;
				GCC_NO_COMMON_BLOCKS = YES;
				GCC_WARN_64_TO_32_BIT_CONVERSION = YES;
				GCC_WARN_ABOUT_RETURN_TYPE = YES_ERROR;
				GCC_WARN_UNDECLARED_SELECTOR = YES;
				GCC_WARN_UNINITIALIZED_AUTOS = YES_AGGRESSIVE;
				GCC_WARN_UNUSED_FUNCTION = YES;
				GCC_WARN_UNUSED_VARIABLE = YES;
				IPHONEOS_DEPLOYMENT_TARGET = 13.2;
				MTL_ENABLE_DEBUG_INFO = NO;
				MTL_FAST_MATH = YES;
				SDKROOT = iphoneos;
				VALIDATE_PRODUCT = YES;
			};
			name = Release;
		};
		B2301B4E248F2A02005D7180 /* Debug */ = {
			isa = XCBuildConfiguration;
			buildSettings = {
				ASSETCATALOG_COMPILER_APPICON_NAME = AppIcon;
				CODE_SIGN_STYLE = Automatic;
				INFOPLIST_FILE = Choose/Info.plist;
				LD_RUNPATH_SEARCH_PATHS = (
					"$(inherited)",
					"@executable_path/Frameworks",
				);
				PRODUCT_BUNDLE_IDENTIFIER = a.Choose;
				PRODUCT_NAME = "$(TARGET_NAME)";
				TARGETED_DEVICE_FAMILY = "1,2";
			};
			name = Debug;
		};
		B2301B4F248F2A02005D7180 /* Release */ = {
			isa = XCBuildConfiguration;
			buildSettings = {
				ASSETCATALOG_COMPILER_APPICON_NAME = AppIcon;
				CODE_SIGN_STYLE = Automatic;
				INFOPLIST_FILE = Choose/Info.plist;
				LD_RUNPATH_SEARCH_PATHS = (
					"$(inherited)",
					"@executable_path/Frameworks",
				);
				PRODUCT_BUNDLE_IDENTIFIER = a.Choose;
				PRODUCT_NAME = "$(TARGET_NAME)";
				TARGETED_DEVICE_FAMILY = "1,2";
			};
			name = Release;
		};
/* End XCBuildConfiguration section */

/* Begin XCConfigurationList section */
		B2301B2F248F29FF005D7180 /* Build configuration list for PBXProject "Choose" */ = {
			isa = XCConfigurationList;
			buildConfigurations = (
				B2301B4B248F2A02005D7180 /* Debug */,
				B2301B4C248F2A02005D7180 /* Release */,
			);
			defaultConfigurationIsVisible = 0;
			defaultConfigurationName = Release;
		};
		B2301B4D248F2A02005D7180 /* Build configuration list for PBXNativeTarget "Choose" */ = {
			isa = XCConfigurationList;
			buildConfigurations = (
				B2301B4E248F2A02005D7180 /* Debug */,
				B2301B4F248F2A02005D7180 /* Release */,
			);
			defaultConfigurationIsVisible = 0;
			defaultConfigurationName = Release;
		};
/* End XCConfigurationList section */
	};
	rootObject = B2301B2C248F29FF005D7180 /* Project object */;
}
